
Microsoft Visual Studio Solution File, Format Version 12.00
# Visual Studio Version 16
VisualStudioVersion = 16.0.31313.79
MinimumVisualStudioVersion = 10.0.40219.1
Project("{FAE04EC0-301F-11D3-BF4B-00C04F79EFBC}") = "Proxy", "Proxy.csproj", "{D0B0E1E4-E9D9-4A16-9925-D3F89C775C3C}"
EndProject
Global
	GlobalSection(SolutionConfigurationPlatforms) = preSolution
		Debug|Any CPU = Debug|Any CPU
		Release|Any CPU = Release|Any CPU
	EndGlobalSection
	GlobalSection(ProjectConfigurationPlatforms) = postSolution
		{D0B0E1E4-E9D9-4A16-9925-D3F89C775C3C}.Debug|Any CPU.ActiveCfg = Debug|Any CPU
		{D0B0E1E4-E9D9-4A16-9925-D3F89C775C3C}.Debug|Any CPU.Build.0 = Debug|Any CPU
		{D0B0E1E4-E9D9-4A16-9925-D3F89C775C3C}.Release|Any CPU.ActiveCfg = Release|Any CPU
		{D0B0E1E4-E9D9-4A16-9925-D3F89C775C3C}.Release|Any CPU.Build.0 = Release|Any CPU
	EndGlobalSection
	GlobalSection(SolutionProperties) = preSolution
		HideSolutionNode = FALSE
	EndGlobalSection
	GlobalSection(ExtensibilityGlobals) = postSolution
		SolutionGuid = {EA1BDCC1-FEDD-4B5D-AB2C-88F47ED1BE9F}
	EndGlobalSection
EndGlobal
